
Microsoft Visual Studio Solution File, Format Version 12.00
# Visual Studio Version 17
VisualStudioVersion = 17.10.34928.147
MinimumVisualStudioVersion = 10.0.40219.1
Project("{FAE04EC0-301F-11D3-BF4B-00C04F79EFBC}") = "LINQ2", "LINQ2.csproj", "{FE03A271-6769-4222-BB6F-3D56A7472402}"
EndProject
Global
	GlobalSection(SolutionConfigurationPlatforms) = preSolution
		Debug|Any CPU = Debug|Any CPU
		Release|Any CPU = Release|Any CPU
	EndGlobalSection
	GlobalSection(ProjectConfigurationPlatforms) = postSolution
		{FE03A271-6769-4222-BB6F-3D56A7472402}.Debug|Any CPU.ActiveCfg = Debug|Any CPU
		{FE03A271-6769-4222-BB6F-3D56A7472402}.Debug|Any CPU.Build.0 = Debug|Any CPU
		{FE03A271-6769-4222-BB6F-3D56A7472402}.Release|Any CPU.ActiveCfg = Release|Any CPU
		{FE03A271-6769-4222-BB6F-3D56A7472402}.Release|Any CPU.Build.0 = Release|Any CPU
	EndGlobalSection
	GlobalSection(SolutionProperties) = preSolution
		HideSolutionNode = FALSE
	EndGlobalSection
	GlobalSection(ExtensibilityGlobals) = postSolution
		SolutionGuid = {37009930-8104-4F17-BECC-BCAE430A2A29}
	EndGlobalSection
EndGlobal
